Microsoft Visual Studio Solution File, Format Version 12.00
# Visual Studio 2012
Project("{FAE04EC0-301F-11D3-BF4B-00C04F79EFBC}") = "GGJ2026", "GGJ2026.csproj", "{3C0B431B-B7F2-4D37-82C4-2BE40488525A}"
EndProject
Global
	GlobalSection(SolutionConfigurationPlatforms) = preSolution
	Debug|Any CPU = Debug|Any CPU
	ExportDebug|Any CPU = ExportDebug|Any CPU
	ExportRelease|Any CPU = ExportRelease|Any CPU
	EndGlobalSection
	GlobalSection(ProjectConfigurationPlatforms) = postSolution
		{3C0B431B-B7F2-4D37-82C4-2BE40488525A}.Debug|Any CPU.ActiveCfg = Debug|Any CPU
		{3C0B431B-B7F2-4D37-82C4-2BE40488525A}.Debug|Any CPU.Build.0 = Debug|Any CPU
		{3C0B431B-B7F2-4D37-82C4-2BE40488525A}.ExportDebug|Any CPU.ActiveCfg = ExportDebug|Any CPU
		{3C0B431B-B7F2-4D37-82C4-2BE40488525A}.ExportDebug|Any CPU.Build.0 = ExportDebug|Any CPU
		{3C0B431B-B7F2-4D37-82C4-2BE40488525A}.ExportRelease|Any CPU.ActiveCfg = ExportRelease|Any CPU
		{3C0B431B-B7F2-4D37-82C4-2BE40488525A}.ExportRelease|Any CPU.Build.0 = ExportRelease|Any CPU
	EndGlobalSection
EndGlobal
